
Microsoft Visual Studio Solution File, Format Version 12.00
# Visual Studio 15
VisualStudioVersion = 15.0.28307.168
MinimumVisualStudioVersion = 10.0.40219.1
Project("{FAE04EC0-301F-11D3-BF4B-00C04F79EFBC}") = "RsmAux", "RsmAux\RsmAux.csproj", "{6863898D-A788-4F3F-9A0B-9F60EB14DD74}"
EndProject
Global
	GlobalSection(SolutionConfigurationPlatforms) = preSolution
		Debug|Any CPU = Debug|Any CPU
		Release|Any CPU = Release|Any CPU
	EndGlobalSection
	GlobalSection(ProjectConfigurationPlatforms) = postSolution
		{6863898D-A788-4F3F-9A0B-9F60EB14DD74}.Debug|Any CPU.ActiveCfg = Debug|Any CPU
		{6863898D-A788-4F3F-9A0B-9F60EB14DD74}.Debug|Any CPU.Build.0 = Debug|Any CPU
		{6863898D-A788-4F3F-9A0B-9F60EB14DD74}.Release|Any CPU.ActiveCfg = Release|Any CPU
		{6863898D-A788-4F3F-9A0B-9F60EB14DD74}.Release|Any CPU.Build.0 = Release|Any CPU
	EndGlobalSection
	GlobalSection(SolutionProperties) = preSolution
		HideSolutionNode = FALSE
	EndGlobalSection
	GlobalSection(ExtensibilityGlobals) = postSolution
		SolutionGuid = {37CA01A6-F07C-41B7-B6F5-7D2D1F1E11CE}
	EndGlobalSection
EndGlobal
